
Microsoft Visual Studio Solution File, Format Version 12.00
Project("{FAE04EC0-301F-11D3-BF4B-00C04F79EFBC}") = "WebApplication1", "WebApplication1\WebApplication1.csproj", "{227A491E-13F1-4FD4-98F4-C873519CC28C}"
EndProject
Global
	GlobalSection(SolutionConfigurationPlatforms) = preSolution
		Debug|Any CPU = Debug|Any CPU
		Release|Any CPU = Release|Any CPU
	EndGlobalSection
	GlobalSection(ProjectConfigurationPlatforms) = postSolution
		{227A491E-13F1-4FD4-98F4-C873519CC28C}.Debug|Any CPU.ActiveCfg = Debug|Any CPU
		{227A491E-13F1-4FD4-98F4-C873519CC28C}.Debug|Any CPU.Build.0 = Debug|Any CPU
		{227A491E-13F1-4FD4-98F4-C873519CC28C}.Release|Any CPU.ActiveCfg = Release|Any CPU
		{227A491E-13F1-4FD4-98F4-C873519CC28C}.Release|Any CPU.Build.0 = Release|Any CPU
	EndGlobalSection
EndGlobal
